
Microsoft Visual Studio Solution File, Format Version 12.00
# Visual Studio Version 17
VisualStudioVersion = 17.4.33103.184
MinimumVisualStudioVersion = 10.0.40219.1
Project("{9A19103F-16F7-4668-BE54-9A1E7A4F7556}") = "PushRecords", "PushRecords\PushRecords.csproj", "{466B58BC-621B-449F-BDBA-D0FF84EC9EA5}"
EndProject
Project("{9A19103F-16F7-4668-BE54-9A1E7A4F7556}") = "StreamRecords", "StreamRecords\StreamRecords.csproj", "{E0867433-525A-440A-AE7F-00FFA9D547A9}"
EndProject
Project("{FAE04EC0-301F-11D3-BF4B-00C04F79EFBC}") = "Memgraph", "Memgraph\Memgraph.csproj", "{2723A21A-3347-4978-ADB5-CEB8932A973A}"
EndProject
Global
	GlobalSection(SolutionConfigurationPlatforms) = preSolution
		Debug|Any CPU = Debug|Any CPU
		Release|Any CPU = Release|Any CPU
	EndGlobalSection
	GlobalSection(ProjectConfigurationPlatforms) = postSolution
		{466B58BC-621B-449F-BDBA-D0FF84EC9EA5}.Debug|Any CPU.ActiveCfg = Debug|Any CPU
		{466B58BC-621B-449F-BDBA-D0FF84EC9EA5}.Debug|Any CPU.Build.0 = Debug|Any CPU
		{466B58BC-621B-449F-BDBA-D0FF84EC9EA5}.Release|Any CPU.ActiveCfg = Release|Any CPU
		{466B58BC-621B-449F-BDBA-D0FF84EC9EA5}.Release|Any CPU.Build.0 = Release|Any CPU
		{E0867433-525A-440A-AE7F-00FFA9D547A9}.Debug|Any CPU.ActiveCfg = Debug|Any CPU
		{E0867433-525A-440A-AE7F-00FFA9D547A9}.Debug|Any CPU.Build.0 = Debug|Any CPU
		{E0867433-525A-440A-AE7F-00FFA9D547A9}.Release|Any CPU.ActiveCfg = Release|Any CPU
		{E0867433-525A-440A-AE7F-00FFA9D547A9}.Release|Any CPU.Build.0 = Release|Any CPU
		{2723A21A-3347-4978-ADB5-CEB8932A973A}.Debug|Any CPU.ActiveCfg = Debug|Any CPU
		{2723A21A-3347-4978-ADB5-CEB8932A973A}.Debug|Any CPU.Build.0 = Debug|Any CPU
		{2723A21A-3347-4978-ADB5-CEB8932A973A}.Release|Any CPU.ActiveCfg = Release|Any CPU
		{2723A21A-3347-4978-ADB5-CEB8932A973A}.Release|Any CPU.Build.0 = Release|Any CPU
	EndGlobalSection
	GlobalSection(SolutionProperties) = preSolution
		HideSolutionNode = FALSE
	EndGlobalSection
	GlobalSection(ExtensibilityGlobals) = postSolution
		SolutionGuid = {5F449EE5-9C21-48A4-88CF-993F613F2924}
	EndGlobalSection
EndGlobal
